// !$*UTF8*$!
{
	archiveVersion = 1;
	classes = {
	};
	objectVersion = 46;
	objects = {

/* Begin PBXBuildFile section */
		39578F361C8F9ABA002C7094 /* main.m in Sources */ = {isa = PBXBuildFile; fileRef = 39578F351C8F9ABA002C7094 /* main.m */; };
		39578F3E1C8F9AD5002C7094 /* Dice.m in Sources */ = {isa = PBXBuildFile; fileRef = 39578F3D1C8F9AD5002C7094 /* Dice.m */; };
		39578F411C908143002C7094 /* GameController.m in Sources */ = {isa = PBXBuildFile; fileRef = 39578F401C908143002C7094 /* GameController.m */; };
		39578F441C90833D002C7094 /* InputCollector.m in Sources */ = {isa = PBXBuildFile; fileRef = 39578F431C90833D002C7094 /* InputCollector.m */; };
/* End PBXBuildFile section */

/* Begin PBXCopyFilesBuildPhase section */
		39578F301C8F9ABA002C7094 /* CopyFiles */ = {
			isa = PBXCopyFilesBuildPhase;
			buildActionMask = 2147483647;
			dstPath = /usr/share/man/man1/;
			dstSubfolderSpec = 0;
			files = (
			);
			runOnlyForDeploymentPostprocessing = 1;
		};
/* End PBXCopyFilesBuildPhase section */

/* Begin PBXFileReference section */
		39578F321C8F9ABA002C7094 /* threelow */ = {isa = PBXFileReference; explicitFileType = "compiled.mach-o.executable"; includeInIndex = 0; path = threelow; sourceTree = BUILT_PRODUCTS_DIR; };
		39578F351C8F9ABA002C7094 /* main.m */ = {isa = PBXFileReference; lastKnownFileType = sourcecode.c.objc; path = main.m; sourceTree = "<group>"; };
		39578F3C1C8F9AD5002C7094 /* Dice.h */ = {isa = PBXFileReference; fileEncoding = 4; lastKnownFileType = sourcecode.c.h; path = Dice.h; sourceTree = "<group>"; };
		39578F3D1C8F9AD5002C7094 /* Dice.m */ = {isa = PBXFileReference; fileEncoding = 4; lastKnownFileType = sourcecode.c.objc; path = Dice.m; sourceTree = "<group>"; };
		39578F3F1C908143002C7094 /* GameController.h */ = {isa = PBXFileReference; fileEncoding = 4; lastKnownFileType = sourcecode.c.h; path = GameController.h; sourceTree = "<group>"; };
		39578F401C908143002C7094 /* GameController.m */ = {isa = PBXFileReference; fileEncoding = 4; lastKnownFileType = sourcecode.c.objc; path = GameController.m; sourceTree = "<group>"; };
		39578F421C90833D002C7094 /* InputCollector.h */ = {isa = PBXFileReference; fileEncoding = 4; lastKnownFileType = sourcecode.c.h; path = InputCollector.h; sourceTree = "<group>"; };
		39578F431C90833D002C7094 /* InputCollector.m */ = {isa = PBXFileReference; fileEncoding = 4; lastKnownFileType = sourcecode.c.objc; path = InputCollector.m; sourceTree = "<group>"; };
/* End PBXFileReference section */

/* Begin PBXFrameworksBuildPhase section */
		39578F2F1C8F9ABA002C7094 /* Frameworks */ = {
			isa = PBXFrameworksBuildPhase;
			buildActionMask = 2147483647;
			files = (
			);
			runOnlyForDeploymentPostprocessing = 0;
		};
/* End PBXFrameworksBuildPhase section */

/* Begin PBXGroup section */
		39578F291C8F9ABA002C7094 = {
			isa = PBXGroup;
			children = (
				39578F341C8F9ABA002C7094 /* threelow */,
				39578F331C8F9ABA002C7094 /* Products */,
			);
			sourceTree = "<group>";
		};
		39578F331C8F9ABA002C7094 /* Products */ = {
			isa = PBXGroup;
			children = (
				39578F321C8F9ABA002C7094 /* threelow */,
			);
			name = Products;
			sourceTree = "<group>";
		};
		39578F341C8F9ABA002C7094 /* threelow */ = {
			isa = PBXGroup;
			children = (
				39578F351C8F9ABA002C7094 /* main.m */,
				39578F3C1C8F9AD5002C7094 /* Dice.h */,
				39578F3D1C8F9AD5002C7094 /* Dice.m */,
				39578F3F1C908143002C7094 /* GameController.h */,
				39578F401C908143002C7094 /* GameController.m */,
				39578F421C90833D002C7094 /* InputCollector.h */,
				39578F431C90833D002C7094 /* InputCollector.m */,
			);
			path = threelow;
			sourceTree = "<group>";
		};
/* End PBXGroup section */

/* Begin PBXNativeTarget section */
		39578F311C8F9ABA002C7094 /* threelow */ = {
			isa = PBXNativeTarget;
			buildConfigurationList = 39578F391C8F9ABA002C7094 /* Build configuration list for PBXNativeTarget "threelow" */;
			buildPhases = (
				39578F2E1C8F9ABA002C7094 /* Sources */,
				39578F2F1C8F9ABA002C7094 /* Frameworks */,
				39578F301C8F9ABA002C7094 /* CopyFiles */,
			);
			buildRules = (
			);
			dependencies = (
			);
			name = threelow;
			productName = threelow;
			productReference = 39578F321C8F9ABA002C7094 /* threelow */;
			productType = "com.apple.product-type.tool";
		};
/* End PBXNativeTarget section */

/* Begin PBXProject section */
		39578F2A1C8F9ABA002C7094 /* Project object */ = {
			isa = PBXProject;
			attributes = {
				LastUpgradeCheck = 0720;
				ORGANIZATIONNAME = "William Lam";
				TargetAttributes = {
					39578F311C8F9ABA002C7094 = {
						CreatedOnToolsVersion = 7.2.1;
					};
				};
			};
			buildConfigurationList = 39578F2D1C8F9ABA002C7094 /* Build configuration list for PBXProject "threelow" */;
			compatibilityVersion = "Xcode 3.2";
			developmentRegion = English;
			hasScannedForEncodings = 0;
			knownRegions = (
				en,
			);
			mainGroup = 39578F291C8F9ABA002C7094;
			productRefGroup = 39578F331C8F9ABA002C7094 /* Products */;
			projectDirPath = "";
			projectRoot = "";
			targets = (
				39578F311C8F9ABA002C7094 /* threelow */,
			);
		};
/* End PBXProject section */

/* Begin PBXSourcesBuildPhase section */
		39578F2E1C8F9ABA002C7094 /* Sources */ = {
			isa = PBXSourcesBuildPhase;
			buildActionMask = 2147483647;
			files = (
				39578F411C908143002C7094 /* GameController.m in Sources */,
				39578F3E1C8F9AD5002C7094 /* Dice.m in Sources */,
				39578F441C90833D002C7094 /* InputCollector.m in Sources */,
				39578F361C8F9ABA002C7094 /* main.m in Sources */,
			);
			runOnlyForDeploymentPostprocessing = 0;
		};
/* End PBXSourcesBuildPhase section */

/* Begin XCBuildConfiguration section */
		39578F371C8F9ABA002C7094 /* Debug */ = {
			isa = XCBuildConfiguration;
			buildSettings = {
				ALWAYS_SEARCH_USER_PATHS = NO;
				CLANG_CXX_LANGUAGE_STANDARD = "gnu++0x";
				CLANG_CXX_LIBRARY = "libc++";
				CLANG_ENABLE_MODULES = YES;
				CLANG_ENABLE_OBJC_ARC = YES;
				CLANG_WARN_BOOL_CONVERSION = YES;
				CLANG_WARN_CONSTANT_CONVERSION = YES;
				CLANG_WARN_DIRECT_OBJC_ISA_USAGE = YES_ERROR;
				CLANG_WARN_EMPTY_BODY = YES;
				CLANG_WARN_ENUM_CONVERSION = YES;
				CLANG_WARN_INT_CONVERSION = YES;
				CLANG_WARN_OBJC_ROOT_CLASS = YES_ERROR;
				CLANG_WARN_UNREACHABLE_CODE = YES;
				CLANG_WARN__DUPLICATE_METHOD_MATCH = YES;
				CODE_SIGN_IDENTITY = "-";
				COPY_PHASE_STRIP = NO;
				DEBUG_INFORMATION_FORMAT = dwarf;
				ENABLE_STRICT_OBJC_MSGSEND = YES;
				ENABLE_TESTABILITY = YES;
				GCC_C_LANGUAGE_STANDARD = gnu99;
				GCC_DYNAMIC_NO_PIC = NO;
				GCC_NO_COMMON_BLOCKS = YES;
				GCC_OPTIMIZATION_LEVEL = 0;
				GCC_PREPROCESSOR_DEFINITIONS = (
					"DEBUG=1",
					"$(inherited)",
				);
				GCC_WARN_64_TO_32_BIT_CONVERSION = YES;
				GCC_WARN_ABOUT_RETURN_TYPE = YES_ERROR;
				GCC_WARN_UNDECLARED_SELECTOR = YES;
				GCC_WARN_UNINITIALIZED_AUTOS = YES_AGGRESSIVE;
				GCC_WARN_UNUSED_FUNCTION = YES;
				GCC_WARN_UNUSED_VARIABLE = YES;
				MACOSX_DEPLOYMENT_TARGET = 10.11;
				MTL_ENABLE_DEBUG_INFO = YES;
				ONLY_ACTIVE_ARCH = YES;
				SDKROOT = macosx;
			};
			name = Debug;
		};
		39578F381C8F9ABA002C7094 /* Release */ = {
			isa = XCBuildConfiguration;
			buildSettings = {
				ALWAYS_SEARCH_USER_PATHS = NO;
				CLANG_CXX_LANGUAGE_STANDARD = "gnu++0x";
				CLANG_CXX_LIBRARY = "libc++";
				CLANG_ENABLE_MODULES = YES;
				CLANG_ENABLE_OBJC_ARC = YES;
				CLANG_WARN_BOOL_CONVERSION = YES;
				CLANG_WARN_CONSTANT_CONVERSION = YES;
				CLANG_WARN_DIRECT_OBJC_ISA_USAGE = YES_ERROR;
				CLANG_WARN_EMPTY_BODY = YES;
				CLANG_WARN_ENUM_CONVERSION = YES;
				CLANG_WARN_INT_CONVERSION = YES;
				CLANG_WARN_OBJC_ROOT_CLASS = YES_ERROR;
				CLANG_WARN_UNREACHABLE_CODE = YES;
				CLANG_WARN__DUPLICATE_METHOD_MATCH = YES;
				CODE_SIGN_IDENTITY = "-";
				COPY_PHASE_STRIP = NO;
				DEBUG_INFORMATION_FORMAT = "dwarf-with-dsym";
				ENABLE_NS_ASSERTIONS = NO;
				ENABLE_STRICT_OBJC_MSGSEND = YES;
				GCC_C_LANGUAGE_STANDARD = gnu99;
				GCC_NO_COMMON_BLOCKS = YES;
				GCC_WARN_64_TO_32_BIT_CONVERSION = YES;
				GCC_WARN_ABOUT_RETURN_TYPE = YES_ERROR;
				GCC_WARN_UNDECLARED_SELECTOR = YES;
				GCC_WARN_UNINITIALIZED_AUTOS = YES_AGGRESSIVE;
				GCC_WARN_UNUSED_FUNCTION = YES;
				GCC_WARN_UNUSED_VARIABLE = YES;
				MACOSX_DEPLOYMENT_TARGET = 10.11;
				MTL_ENABLE_DEBUG_INFO = NO;
				SDKROOT = macosx;
			};
			name = Release;
		};
		39578F3A1C8F9ABA002C7094 /* Debug */ = {
			isa = XCBuildConfiguration;
			buildSettings = {
				PRODUCT_NAME = "$(TARGET_NAME)";
			};
			name = Debug;
		};
		39578F3B1C8F9ABA002C7094 /* Release */ = {
			isa = XCBuildConfiguration;
			buildSettings = {
				PRODUCT_NAME = "$(TARGET_NAME)";
			};
			name = Release;
		};
/* End XCBuildConfiguration section */

/* Begin XCConfigurationList section */
		39578F2D1C8F9ABA002C7094 /* Build configuration list for PBXProject "threelow" */ = {
			isa = XCConfigurationList;
			buildConfigurations = (
				39578F371C8F9ABA002C7094 /* Debug */,
				39578F381C8F9ABA002C7094 /* Release */,
			);
			defaultConfigurationIsVisible = 0;
			defaultConfigurationName = Release;
		};
		39578F391C8F9ABA002C7094 /* Build configuration list for PBXNativeTarget "threelow" */ = {
			isa = XCConfigurationList;
			buildConfigurations = (
				39578F3A1C8F9ABA002C7094 /* Debug */,
				39578F3B1C8F9ABA002C7094 /* Release */,
			);
			defaultConfigurationIsVisible = 0;
			defaultConfigurationName = Release;
		};
/* End XCConfigurationList section */
	};
	rootObject = 39578F2A1C8F9ABA002C7094 /* Project object */;
}
